// !$*UTF8*$!
{
	archiveVersion = 1;
	classes = {
	};
	objectVersion = 77;
	objects = {

/* Begin PBXBuildFile section */
		2B22E41E2F13641A00000D5A /* WidgetKit.framework in Frameworks */ = {isa = PBXBuildFile; fileRef = 2B22E41D2F13641A00000D5A /* WidgetKit.framework */; };
		2B22E4202F13641A00000D5A /* SwiftUI.framework in Frameworks */ = {isa = PBXBuildFile; fileRef = 2B22E41F2F13641A00000D5A /* SwiftUI.framework */; };
		2B22E42F2F13641B00000D5A /* NowDepartingWidgetExtension.appex in Embed Foundation Extensions */ = {isa = PBXBuildFile; fileRef = 2B22E41B2F13641A00000D5A /* NowDepartingWidgetExtension.appex */; settings = {ATTRIBUTES = (RemoveHeadersOnCopy, ); }; };
		2B687C2D2DF67DBF007741D8 /* Now Departing Watch Watch App.app in Embed Watch Content */ = {isa = PBXBuildFile; fileRef = 2B687C232DF67DBE007741D8 /* Now Departing Watch Watch App.app */; settings = {ATTRIBUTES = (RemoveHeadersOnCopy, ); }; };
/* End PBXBuildFile section */

/* Begin PBXContainerItemProxy section */
		2B22E42D2F13641B00000D5A /* PBXContainerItemProxy */ = {
			isa = PBXContainerItemProxy;
			containerPortal = 2B687C092DF67CD0007741D8 /* Project object */;
			proxyType = 1;
			remoteGlobalIDString = 2B22E41A2F13641A00000D5A;
			remoteInfo = NowDepartingWidgetExtension;
		};
		2B687C2B2DF67DBF007741D8 /* PBXContainerItemProxy */ = {
			isa = PBXContainerItemProxy;
			containerPortal = 2B687C092DF67CD0007741D8 /* Project object */;
			proxyType = 1;
			remoteGlobalIDString = 2B687C222DF67DBE007741D8;
			remoteInfo = "Now Departing Watch Watch App";
		};
/* End PBXContainerItemProxy section */

/* Begin PBXCopyFilesBuildPhase section */
		2B22E4342F13641B00000D5A /* Embed Foundation Extensions */ = {
			isa = PBXCopyFilesBuildPhase;
			buildActionMask = 2147483647;
			dstPath = "";
			dstSubfolderSpec = 13;
			files = (
				2B22E42F2F13641B00000D5A /* NowDepartingWidgetExtension.appex in Embed Foundation Extensions */,
			);
			name = "Embed Foundation Extensions";
			runOnlyForDeploymentPostprocessing = 0;
		};
		2B687C312DF67DBF007741D8 /* Embed Watch Content */ = {
			isa = PBXCopyFilesBuildPhase;
			buildActionMask = 2147483647;
			dstPath = "$(CONTENTS_FOLDER_PATH)/Watch";
			dstSubfolderSpec = 16;
			files = (
				2B687C2D2DF67DBF007741D8 /* Now Departing Watch Watch App.app in Embed Watch Content */,
			);
			name = "Embed Watch Content";
			runOnlyForDeploymentPostprocessing = 0;
		};
/* End PBXCopyFilesBuildPhase section */

/* Begin PBXFileReference section */
		2B22E41B2F13641A00000D5A /* NowDepartingWidgetExtension.appex */ = {isa = PBXFileReference; explicitFileType = "wrapper.app-extension"; includeInIndex = 0; path = NowDepartingWidgetExtension.appex; sourceTree = BUILT_PRODUCTS_DIR; };
		2B22E41D2F13641A00000D5A /* WidgetKit.framework */ = {isa = PBXFileReference; lastKnownFileType = wrapper.framework; name = WidgetKit.framework; path = System/Library/Frameworks/WidgetKit.framework; sourceTree = SDKROOT; };
		2B22E41F2F13641A00000D5A /* SwiftUI.framework */ = {isa = PBXFileReference; lastKnownFileType = wrapper.framework; name = SwiftUI.framework; path = System/Library/Frameworks/SwiftUI.framework; sourceTree = SDKROOT; };
		2B22E4432F1365D600000D5A /* NowDepartingWidgetExtension.entitlements */ = {isa = PBXFileReference; lastKnownFileType = text.plist.entitlements; path = NowDepartingWidgetExtension.entitlements; sourceTree = "<group>"; };
		2B687C112DF67CD0007741D8 /* Now Departing.app */ = {isa = PBXFileReference; explicitFileType = wrapper.application; includeInIndex = 0; path = "Now Departing.app"; sourceTree = BUILT_PRODUCTS_DIR; };
		2B687C232DF67DBE007741D8 /* Now Departing Watch Watch App.app */ = {isa = PBXFileReference; explicitFileType = wrapper.application; includeInIndex = 0; path = "Now Departing Watch Watch App.app"; sourceTree = BUILT_PRODUCTS_DIR; };
/* End PBXFileReference section */

/* Begin PBXFileSystemSynchronizedBuildFileExceptionSet section */
		2B22E4302F13641B00000D5A /* Exceptions for "NowDepartingWidget" folder in "NowDepartingWidgetExtension" target */ = {
			isa = PBXFileSystemSynchronizedBuildFileExceptionSet;
			membershipExceptions = (
				Info.plist,
			);
			target = 2B22E41A2F13641A00000D5A /* NowDepartingWidgetExtension */;
		};
		2B22E43E2F13654100000D5A /* Exceptions for "Shared" folder in "NowDepartingWidgetExtension" target */ = {
			isa = PBXFileSystemSynchronizedBuildFileExceptionSet;
			membershipExceptions = (
				FavoriteItem.swift,
				SubwayConfiguration.swift,
			);
			target = 2B22E41A2F13641A00000D5A /* NowDepartingWidgetExtension */;
		};
		2B22E4412F13656100000D5A /* Exceptions for "Now Departing" folder in "NowDepartingWidgetExtension" target */ = {
			isa = PBXFileSystemSynchronizedBuildFileExceptionSet;
			membershipExceptions = (
				Models.swift,
			);
			target = 2B22E41A2F13641A00000D5A /* NowDepartingWidgetExtension */;
		};
		2B687C5E2DF6828C007741D8 /* Exceptions for "Shared" folder in "Now Departing" target */ = {
			isa = PBXFileSystemSynchronizedBuildFileExceptionSet;
			membershipExceptions = (
				TimesViewModel.swift,
			);
			target = 2B687C102DF67CD0007741D8 /* Now Departing */;
		};
/* End PBXFileSystemSynchronizedBuildFileExceptionSet section */

/* Begin PBXFileSystemSynchronizedRootGroup section */
		2B22E4212F13641A00000D5A /* NowDepartingWidget */ = {
			isa = PBXFileSystemSynchronizedRootGroup;
			exceptions = (
				2B22E4302F13641B00000D5A /* Exceptions for "NowDepartingWidget" folder in "NowDepartingWidgetExtension" target */,
			);
			path = NowDepartingWidget;
			sourceTree = "<group>";
		};
		2B687C132DF67CD0007741D8 /* Now Departing */ = {
			isa = PBXFileSystemSynchronizedRootGroup;
			exceptions = (
				2B22E4412F13656100000D5A /* Exceptions for "Now Departing" folder in "NowDepartingWidgetExtension" target */,
			);
			path = "Now Departing";
			sourceTree = "<group>";
		};
		2B687C242DF67DBE007741D8 /* Now Departing Watch Watch app */ = {
			isa = PBXFileSystemSynchronizedRootGroup;
			path = "Now Departing Watch Watch app";
			sourceTree = "<group>";
		};
		2B687C532DF68035007741D8 /* Shared */ = {
			isa = PBXFileSystemSynchronizedRootGroup;
			exceptions = (
				2B687C5E2DF6828C007741D8 /* Exceptions for "Shared" folder in "Now Departing" target */,
				2B22E43E2F13654100000D5A /* Exceptions for "Shared" folder in "NowDepartingWidgetExtension" target */,
			);
			path = Shared;
			sourceTree = "<group>";
		};
/* End PBXFileSystemSynchronizedRootGroup section */

/* Begin PBXFrameworksBuildPhase section */
		2B22E4182F13641A00000D5A /* Frameworks */ = {
			isa = PBXFrameworksBuildPhase;
			buildActionMask = 2147483647;
			files = (
				2B22E4202F13641A00000D5A /* SwiftUI.framework in Frameworks */,
				2B22E41E2F13641A00000D5A /* WidgetKit.framework in Frameworks */,
			);
			runOnlyForDeploymentPostprocessing = 0;
		};
		2B687C0E2DF67CD0007741D8 /* Frameworks */ = {
			isa = PBXFrameworksBuildPhase;
			buildActionMask = 2147483647;
			files = (
			);
			runOnlyForDeploymentPostprocessing = 0;
		};
		2B687C202DF67DBE007741D8 /* Frameworks */ = {
			isa = PBXFrameworksBuildPhase;
			buildActionMask = 2147483647;
			files = (
			);
			runOnlyForDeploymentPostprocessing = 0;
		};
/* End PBXFrameworksBuildPhase section */

/* Begin PBXGroup section */
		2B22E41C2F13641A00000D5A /* Frameworks */ = {
			isa = PBXGroup;
			children = (
				2B22E41D2F13641A00000D5A /* WidgetKit.framework */,
				2B22E41F2F13641A00000D5A /* SwiftUI.framework */,
			);
			name = Frameworks;
			sourceTree = "<group>";
		};
		2B687C082DF67CD0007741D8 = {
			isa = PBXGroup;
			children = (
				2B22E4432F1365D600000D5A /* NowDepartingWidgetExtension.entitlements */,
				2B687C132DF67CD0007741D8 /* Now Departing */,
				2B687C242DF67DBE007741D8 /* Now Departing Watch Watch app */,
				2B22E4212F13641A00000D5A /* NowDepartingWidget */,
				2B22E41C2F13641A00000D5A /* Frameworks */,
				2B687C122DF67CD0007741D8 /* Products */,
				2B687C532DF68035007741D8 /* Shared */,
			);
			sourceTree = "<group>";
		};
		2B687C122DF67CD0007741D8 /* Products */ = {
			isa = PBXGroup;
			children = (
				2B687C112DF67CD0007741D8 /* Now Departing.app */,
				2B687C232DF67DBE007741D8 /* Now Departing Watch Watch App.app */,
				2B22E41B2F13641A00000D5A /* NowDepartingWidgetExtension.appex */,
			);
			name = Products;
			sourceTree = "<group>";
		};
/* End PBXGroup section */

/* Begin PBXNativeTarget section */
		2B22E41A2F13641A00000D5A /* NowDepartingWidgetExtension */ = {
			isa = PBXNativeTarget;
			buildConfigurationList = 2B22E4312F13641B00000D5A /* Build configuration list for PBXNativeTarget "NowDepartingWidgetExtension" */;
			buildPhases = (
				2B22E4172F13641A00000D5A /* Sources */,
				2B22E4182F13641A00000D5A /* Frameworks */,
				2B22E4192F13641A00000D5A /* Resources */,
			);
			buildRules = (
			);
			dependencies = (
			);
			fileSystemSynchronizedGroups = (
				2B22E4212F13641A00000D5A /* NowDepartingWidget */,
			);
			name = NowDepartingWidgetExtension;
			packageProductDependencies = (
			);
			productName = NowDepartingWidgetExtension;
			productReference = 2B22E41B2F13641A00000D5A /* NowDepartingWidgetExtension.appex */;
			productType = "com.apple.product-type.app-extension";
		};
		2B687C102DF67CD0007741D8 /* Now Departing */ = {
			isa = PBXNativeTarget;
			buildConfigurationList = 2B687C1C2DF67CD1007741D8 /* Build configuration list for PBXNativeTarget "Now Departing" */;
			buildPhases = (
				2B687C0D2DF67CD0007741D8 /* Sources */,
				2B687C0E2DF67CD0007741D8 /* Frameworks */,
				2B687C0F2DF67CD0007741D8 /* Resources */,
				2B687C312DF67DBF007741D8 /* Embed Watch Content */,
				2B22E4342F13641B00000D5A /* Embed Foundation Extensions */,
			);
			buildRules = (
			);
			dependencies = (
				2B687C2C2DF67DBF007741D8 /* PBXTargetDependency */,
				2B22E42E2F13641B00000D5A /* PBXTargetDependency */,
			);
			fileSystemSynchronizedGroups = (
				2B687C132DF67CD0007741D8 /* Now Departing */,
				2B687C532DF68035007741D8 /* Shared */,
			);
			name = "Now Departing";
			packageProductDependencies = (
			);
			productName = "Now Departing";
			productReference = 2B687C112DF67CD0007741D8 /* Now Departing.app */;
			productType = "com.apple.product-type.application";
		};
		2B687C222DF67DBE007741D8 /* Now Departing Watch Watch App */ = {
			isa = PBXNativeTarget;
			buildConfigurationList = 2B687C2E2DF67DBF007741D8 /* Build configuration list for PBXNativeTarget "Now Departing Watch Watch App" */;
			buildPhases = (
				2B687C1F2DF67DBE007741D8 /* Sources */,
				2B687C202DF67DBE007741D8 /* Frameworks */,
				2B687C212DF67DBE007741D8 /* Resources */,
			);
			buildRules = (
			);
			dependencies = (
			);
			fileSystemSynchronizedGroups = (
				2B687C242DF67DBE007741D8 /* Now Departing Watch Watch app */,
				2B687C532DF68035007741D8 /* Shared */,
			);
			name = "Now Departing Watch Watch App";
			packageProductDependencies = (
			);
			productName = "Now Departing Watch Watch App";
			productReference = 2B687C232DF67DBE007741D8 /* Now Departing Watch Watch App.app */;
			productType = "com.apple.product-type.application";
		};
/* End PBXNativeTarget section */

/* Begin PBXProject section */
		2B687C092DF67CD0007741D8 /* Project object */ = {
			isa = PBXProject;
			attributes = {
				BuildIndependentTargetsInParallel = 1;
				LastSwiftUpdateCheck = 2620;
				LastUpgradeCheck = 1640;
				TargetAttributes = {
					2B22E41A2F13641A00000D5A = {
						CreatedOnToolsVersion = 26.2;
					};
					2B687C102DF67CD0007741D8 = {
						CreatedOnToolsVersion = 16.4;
					};
					2B687C222DF67DBE007741D8 = {
						CreatedOnToolsVersion = 16.4;
					};
				};
			};
			buildConfigurationList = 2B687C0C2DF67CD0007741D8 /* Build configuration list for PBXProject "Now Departing" */;
			developmentRegion = en;
			hasScannedForEncodings = 0;
			knownRegions = (
				en,
				Base,
			);
			mainGroup = 2B687C082DF67CD0007741D8;
			minimizedProjectReferenceProxies = 1;
			preferredProjectObjectVersion = 77;
			productRefGroup = 2B687C122DF67CD0007741D8 /* Products */;
			projectDirPath = "";
			projectRoot = "";
			targets = (
				2B687C102DF67CD0007741D8 /* Now Departing */,
				2B687C222DF67DBE007741D8 /* Now Departing Watch Watch App */,
				2B22E41A2F13641A00000D5A /* NowDepartingWidgetExtension */,
			);
		};
/* End PBXProject section */

/* Begin PBXResourcesBuildPhase section */
		2B22E4192F13641A00000D5A /* Resources */ = {
			isa = PBXResourcesBuildPhase;
			buildActionMask = 2147483647;
			files = (
			);
			runOnlyForDeploymentPostprocessing = 0;
		};
		2B687C0F2DF67CD0007741D8 /* Resources */ = {
			isa = PBXResourcesBuildPhase;
			buildActionMask = 2147483647;
			files = (
			);
			runOnlyForDeploymentPostprocessing = 0;
		};
		2B687C212DF67DBE007741D8 /* Resources */ = {
			isa = PBXResourcesBuildPhase;
			buildActionMask = 2147483647;
			files = (
			);
			runOnlyForDeploymentPostprocessing = 0;
		};
/* End PBXResourcesBuildPhase section */

/* Begin PBXSourcesBuildPhase section */
		2B22E4172F13641A00000D5A /* Sources */ = {
			isa = PBXSourcesBuildPhase;
			buildActionMask = 2147483647;
			files = (
			);
			runOnlyForDeploymentPostprocessing = 0;
		};
		2B687C0D2DF67CD0007741D8 /* Sources */ = {
			isa = PBXSourcesBuildPhase;
			buildActionMask = 2147483647;
			files = (
			);
			runOnlyForDeploymentPostprocessing = 0;
		};
		2B687C1F2DF67DBE007741D8 /* Sources */ = {
			isa = PBXSourcesBuildPhase;
			buildActionMask = 2147483647;
			files = (
			);
			runOnlyForDeploymentPostprocessing = 0;
		};
/* End PBXSourcesBuildPhase section */

/* Begin PBXTargetDependency section */
		2B22E42E2F13641B00000D5A /* PBXTargetDependency */ = {
			isa = PBXTargetDependency;
			target = 2B22E41A2F13641A00000D5A /* NowDepartingWidgetExtension */;
			targetProxy = 2B22E42D2F13641B00000D5A /* PBXContainerItemProxy */;
		};
		2B687C2C2DF67DBF007741D8 /* PBXTargetDependency */ = {
			isa = PBXTargetDependency;
			target = 2B687C222DF67DBE007741D8 /* Now Departing Watch Watch App */;
			targetProxy = 2B687C2B2DF67DBF007741D8 /* PBXContainerItemProxy */;
		};
/* End PBXTargetDependency section */

/* Begin XCBuildConfiguration section */
		2B22E4322F13641B00000D5A /* Debug */ = {
			isa = XCBuildConfiguration;
			buildSettings = {
				ASSETCATALOG_COMPILER_GLOBAL_ACCENT_COLOR_NAME = AccentColor;
				ASSETCATALOG_COMPILER_WIDGET_BACKGROUND_COLOR_NAME = WidgetBackground;
				CODE_SIGN_ENTITLEMENTS = NowDepartingWidgetExtension.entitlements;
				CODE_SIGN_STYLE = Automatic;
				CURRENT_PROJECT_VERSION = 1;
				DEVELOPMENT_TEAM = 63KWA2RPU8;
				GENERATE_INFOPLIST_FILE = YES;
				INFOPLIST_FILE = NowDepartingWidget/Info.plist;
				INFOPLIST_KEY_CFBundleDisplayName = NowDepartingWidget;
				INFOPLIST_KEY_NSHumanReadableCopyright = "";
				IPHONEOS_DEPLOYMENT_TARGET = 17.6;
				LD_RUNPATH_SEARCH_PATHS = (
					"$(inherited)",
					"@executable_path/Frameworks",
					"@executable_path/../../Frameworks",
				);
				MARKETING_VERSION = 1.0;
				PRODUCT_BUNDLE_IDENTIFIER = "com.move38.Now-Departing.NowDepartingWidget";
				PRODUCT_NAME = "$(TARGET_NAME)";
				SKIP_INSTALL = YES;
				STRING_CATALOG_GENERATE_SYMBOLS = YES;
				SWIFT_APPROACHABLE_CONCURRENCY = YES;
				SWIFT_EMIT_LOC_STRINGS = YES;
				SWIFT_UPCOMING_FEATURE_MEMBER_IMPORT_VISIBILITY = YES;
				SWIFT_VERSION = 5.0;
				TARGETED_DEVICE_FAMILY = "1,2";
			};
			name = Debug;
		};
		2B22E4332F13641B00000D5A /* Release */ = {
			isa = XCBuildConfiguration;
			buildSettings = {
				ASSETCATALOG_COMPILER_GLOBAL_ACCENT_COLOR_NAME = AccentColor;
				ASSETCATALOG_COMPILER_WIDGET_BACKGROUND_COLOR_NAME = WidgetBackground;
				CODE_SIGN_ENTITLEMENTS = NowDepartingWidgetExtension.entitlements;
				CODE_SIGN_STYLE = Automatic;
				CURRENT_PROJECT_VERSION = 1;
				DEVELOPMENT_TEAM = 63KWA2RPU8;
				GENERATE_INFOPLIST_FILE = YES;
				INFOPLIST_FILE = NowDepartingWidget/Info.plist;
				INFOPLIST_KEY_CFBundleDisplayName = NowDepartingWidget;
				INFOPLIST_KEY_NSHumanReadableCopyright = "";
				IPHONEOS_DEPLOYMENT_TARGET = 17.6;
				LD_RUNPATH_SEARCH_PATHS = (
					"$(inherited)",
					"@executable_path/Frameworks",
					"@executable_path/../../Frameworks",
				);
				MARKETING_VERSION = 1.0;
				PRODUCT_BUNDLE_IDENTIFIER = "com.move38.Now-Departing.NowDepartingWidget";
				PRODUCT_NAME = "$(TARGET_NAME)";
				SKIP_INSTALL = YES;
				STRING_CATALOG_GENERATE_SYMBOLS = YES;
				SWIFT_APPROACHABLE_CONCURRENCY = YES;
				SWIFT_EMIT_LOC_STRINGS = YES;
				SWIFT_UPCOMING_FEATURE_MEMBER_IMPORT_VISIBILITY = YES;
				SWIFT_VERSION = 5.0;
				TARGETED_DEVICE_FAMILY = "1,2";
			};
			name = Release;
		};
		2B687C1A2DF67CD1007741D8 /* Debug */ = {
			isa = XCBuildConfiguration;
			buildSettings = {
				ALWAYS_SEARCH_USER_PATHS = NO;
				ASSETCATALOG_COMPILER_GENERATE_SWIFT_ASSET_SYMBOL_EXTENSIONS = YES;
				CLANG_ANALYZER_NONNULL = YES;
				CLANG_ANALYZER_NUMBER_OBJECT_CONVERSION = YES_AGGRESSIVE;
				CLANG_CXX_LANGUAGE_STANDARD = "gnu++20";
				CLANG_ENABLE_MODULES = YES;
				CLANG_ENABLE_OBJC_ARC = YES;
				CLANG_ENABLE_OBJC_WEAK = YES;
				CLANG_WARN_BLOCK_CAPTURE_AUTORELEASING = YES;
				CLANG_WARN_BOOL_CONVERSION = YES;
				CLANG_WARN_COMMA = YES;
				CLANG_WARN_CONSTANT_CONVERSION = YES;
				CLANG_WARN_DEPRECATED_OBJC_IMPLEMENTATIONS = YES;
				CLANG_WARN_DIRECT_OBJC_ISA_USAGE = YES_ERROR;
				CLANG_WARN_DOCUMENTATION_COMMENTS = YES;
				CLANG_WARN_EMPTY_BODY = YES;
				CLANG_WARN_ENUM_CONVERSION = YES;
				CLANG_WARN_INFINITE_RECURSION = YES;
				CLANG_WARN_INT_CONVERSION = YES;
				CLANG_WARN_NON_LITERAL_NULL_CONVERSION = YES;
				CLANG_WARN_OBJC_IMPLICIT_RETAIN_SELF = YES;
				CLANG_WARN_OBJC_LITERAL_CONVERSION = YES;
				CLANG_WARN_OBJC_ROOT_CLASS = YES_ERROR;
				CLANG_WARN_QUOTED_INCLUDE_IN_FRAMEWORK_HEADER = YES;
				CLANG_WARN_RANGE_LOOP_ANALYSIS = YES;
				CLANG_WARN_STRICT_PROTOTYPES = YES;
				CLANG_WARN_SUSPICIOUS_MOVE = YES;
				CLANG_WARN_UNGUARDED_AVAILABILITY = YES_AGGRESSIVE;
				CLANG_WARN_UNREACHABLE_CODE = YES;
				CLANG_WARN__DUPLICATE_METHOD_MATCH = YES;
				COPY_PHASE_STRIP = NO;
				DEBUG_INFORMATION_FORMAT = dwarf;
				DEVELOPMENT_TEAM = 63KWA2RPU8;
				ENABLE_STRICT_OBJC_MSGSEND = YES;
				ENABLE_TESTABILITY = YES;
				ENABLE_USER_SCRIPT_SANDBOXING = YES;
				GCC_C_LANGUAGE_STANDARD = gnu17;
				GCC_DYNAMIC_NO_PIC = NO;
				GCC_NO_COMMON_BLOCKS = YES;
				GCC_OPTIMIZATION_LEVEL = 0;
				GCC_PREPROCESSOR_DEFINITIONS = (
					"DEBUG=1",
					"$(inherited)",
				);
				GCC_WARN_64_TO_32_BIT_CONVERSION = YES;
				GCC_WARN_ABOUT_RETURN_TYPE = YES_ERROR;
				GCC_WARN_UNDECLARED_SELECTOR = YES;
				GCC_WARN_UNINITIALIZED_AUTOS = YES_AGGRESSIVE;
				GCC_WARN_UNUSED_FUNCTION = YES;
				GCC_WARN_UNUSED_VARIABLE = YES;
				IPHONEOS_DEPLOYMENT_TARGET = 18.5;
				LOCALIZATION_PREFERS_STRING_CATALOGS = YES;
				MTL_ENABLE_DEBUG_INFO = INCLUDE_SOURCE;
				MTL_FAST_MATH = YES;
				ONLY_ACTIVE_ARCH = YES;
				SDKROOT = iphoneos;
				SWIFT_ACTIVE_COMPILATION_CONDITIONS = "DEBUG $(inherited)";
				SWIFT_OPTIMIZATION_LEVEL = "-Onone";
			};
			name = Debug;
		};
		2B687C1B2DF67CD1007741D8 /* Release */ = {
			isa = XCBuildConfiguration;
			buildSettings = {
				ALWAYS_SEARCH_USER_PATHS = NO;
				ASSETCATALOG_COMPILER_GENERATE_SWIFT_ASSET_SYMBOL_EXTENSIONS = YES;
				CLANG_ANALYZER_NONNULL = YES;
				CLANG_ANALYZER_NUMBER_OBJECT_CONVERSION = YES_AGGRESSIVE;
				CLANG_CXX_LANGUAGE_STANDARD = "gnu++20";
				CLANG_ENABLE_MODULES = YES;
				CLANG_ENABLE_OBJC_ARC = YES;
				CLANG_ENABLE_OBJC_WEAK = YES;
				CLANG_WARN_BLOCK_CAPTURE_AUTORELEASING = YES;
				CLANG_WARN_BOOL_CONVERSION = YES;
				CLANG_WARN_COMMA = YES;
				CLANG_WARN_CONSTANT_CONVERSION = YES;
				CLANG_WARN_DEPRECATED_OBJC_IMPLEMENTATIONS = YES;
				CLANG_WARN_DIRECT_OBJC_ISA_USAGE = YES_ERROR;
				CLANG_WARN_DOCUMENTATION_COMMENTS = YES;
				CLANG_WARN_EMPTY_BODY = YES;
				CLANG_WARN_ENUM_CONVERSION = YES;
				CLANG_WARN_INFINITE_RECURSION = YES;
				CLANG_WARN_INT_CONVERSION = YES;
				CLANG_WARN_NON_LITERAL_NULL_CONVERSION = YES;
				CLANG_WARN_OBJC_IMPLICIT_RETAIN_SELF = YES;
				CLANG_WARN_OBJC_LITERAL_CONVERSION = YES;
				CLANG_WARN_OBJC_ROOT_CLASS = YES_ERROR;
				CLANG_WARN_QUOTED_INCLUDE_IN_FRAMEWORK_HEADER = YES;
				CLANG_WARN_RANGE_LOOP_ANALYSIS = YES;
				CLANG_WARN_STRICT_PROTOTYPES = YES;
				CLANG_WARN_SUSPICIOUS_MOVE = YES;
				CLANG_WARN_UNGUARDED_AVAILABILITY = YES_AGGRESSIVE;
				CLANG_WARN_UNREACHABLE_CODE = YES;
				CLANG_WARN__DUPLICATE_METHOD_MATCH = YES;
				COPY_PHASE_STRIP = NO;
				DEBUG_INFORMATION_FORMAT = "dwarf-with-dsym";
				DEVELOPMENT_TEAM = 63KWA2RPU8;
				ENABLE_NS_ASSERTIONS = NO;
				ENABLE_STRICT_OBJC_MSGSEND = YES;
				ENABLE_USER_SCRIPT_SANDBOXING = YES;
				GCC_C_LANGUAGE_STANDARD = gnu17;
				GCC_NO_COMMON_BLOCKS = YES;
				GCC_WARN_64_TO_32_BIT_CONVERSION = YES;
				GCC_WARN_ABOUT_RETURN_TYPE = YES_ERROR;
				GCC_WARN_UNDECLARED_SELECTOR = YES;
				GCC_WARN_UNINITIALIZED_AUTOS = YES_AGGRESSIVE;
				GCC_WARN_UNUSED_FUNCTION = YES;
				GCC_WARN_UNUSED_VARIABLE = YES;
				IPHONEOS_DEPLOYMENT_TARGET = 18.5;
				LOCALIZATION_PREFERS_STRING_CATALOGS = YES;
				MTL_ENABLE_DEBUG_INFO = NO;
				MTL_FAST_MATH = YES;
				SDKROOT = iphoneos;
				SWIFT_COMPILATION_MODE = wholemodule;
				VALIDATE_PRODUCT = YES;
			};
			name = Release;
		};
		2B687C1D2DF67CD1007741D8 /* Debug */ = {
			isa = XCBuildConfiguration;
			buildSettings = {
				ASSETCATALOG_COMPILER_APPICON_NAME = AppIcon;
				ASSETCATALOG_COMPILER_GLOBAL_ACCENT_COLOR_NAME = AccentColor;
				CODE_SIGN_ENTITLEMENTS = "Now Departing/Now Departing.entitlements";
				CODE_SIGN_STYLE = Automatic;
				CURRENT_PROJECT_VERSION = 1;
				DEVELOPMENT_TEAM = 63KWA2RPU8;
				ENABLE_PREVIEWS = YES;
				GENERATE_INFOPLIST_FILE = YES;
				INFOPLIST_KEY_NSLocationAlwaysAndWhenInUseUsageDescription = "This app needs location access to show nearby subway stations and train arrival times.";
				INFOPLIST_KEY_NSLocationWhenInUseUsageDescription = "This app needs location access to show nearby subway stations and train arrival times.";
				INFOPLIST_KEY_UIApplicationSceneManifest_Generation = YES;
				INFOPLIST_KEY_UIApplicationSupportsIndirectInputEvents = YES;
				INFOPLIST_KEY_UILaunchScreen_Generation = YES;
				INFOPLIST_KEY_UISupportedInterfaceOrientations_iPad = "UIInterfaceOrientationPortrait UIInterfaceOrientationPortraitUpsideDown UIInterfaceOrientationLandscapeLeft UIInterfaceOrientationLandscapeRight";
				INFOPLIST_KEY_UISupportedInterfaceOrientations_iPhone = "UIInterfaceOrientationPortrait UIInterfaceOrientationLandscapeLeft UIInterfaceOrientationLandscapeRight";
				IPHONEOS_DEPLOYMENT_TARGET = 17.6;
				LD_RUNPATH_SEARCH_PATHS = (
					"$(inherited)",
					"@executable_path/Frameworks",
				);
				MARKETING_VERSION = 1.5.2;
				PRODUCT_BUNDLE_IDENTIFIER = "com.move38.Now-Departing";
				PRODUCT_NAME = "$(TARGET_NAME)";
				SWIFT_EMIT_LOC_STRINGS = YES;
				SWIFT_VERSION = 5.0;
				TARGETED_DEVICE_FAMILY = "1,2";
			};
			name = Debug;
		};
		2B687C1E2DF67CD1007741D8 /* Release */ = {
			isa = XCBuildConfiguration;
			buildSettings = {
				ASSETCATALOG_COMPILER_APPICON_NAME = AppIcon;
				ASSETCATALOG_COMPILER_GLOBAL_ACCENT_COLOR_NAME = AccentColor;
				CODE_SIGN_ENTITLEMENTS = "Now Departing/Now Departing.entitlements";
				CODE_SIGN_STYLE = Automatic;
				CURRENT_PROJECT_VERSION = 1;
				DEVELOPMENT_TEAM = 63KWA2RPU8;
				ENABLE_PREVIEWS = YES;
				GENERATE_INFOPLIST_FILE = YES;
				INFOPLIST_KEY_NSLocationAlwaysAndWhenInUseUsageDescription = "This app needs location access to show nearby subway stations and train arrival times.";
				INFOPLIST_KEY_NSLocationWhenInUseUsageDescription = "This app needs location access to show nearby subway stations and train arrival times.";
				INFOPLIST_KEY_UIApplicationSceneManifest_Generation = YES;
				INFOPLIST_KEY_UIApplicationSupportsIndirectInputEvents = YES;
				INFOPLIST_KEY_UILaunchScreen_Generation = YES;
				INFOPLIST_KEY_UISupportedInterfaceOrientations_iPad = "UIInterfaceOrientationPortrait UIInterfaceOrientationPortraitUpsideDown UIInterfaceOrientationLandscapeLeft UIInterfaceOrientationLandscapeRight";
				INFOPLIST_KEY_UISupportedInterfaceOrientations_iPhone = "UIInterfaceOrientationPortrait UIInterfaceOrientationLandscapeLeft UIInterfaceOrientationLandscapeRight";
				IPHONEOS_DEPLOYMENT_TARGET = 17.6;
				LD_RUNPATH_SEARCH_PATHS = (
					"$(inherited)",
					"@executable_path/Frameworks",
				);
				MARKETING_VERSION = 1.5.2;
				PRODUCT_BUNDLE_IDENTIFIER = "com.move38.Now-Departing";
				PRODUCT_NAME = "$(TARGET_NAME)";
				SWIFT_EMIT_LOC_STRINGS = YES;
				SWIFT_VERSION = 5.0;
				TARGETED_DEVICE_FAMILY = "1,2";
			};
			name = Release;
		};
		2B687C2F2DF67DBF007741D8 /* Debug */ = {
			isa = XCBuildConfiguration;
			buildSettings = {
				ASSETCATALOG_COMPILER_APPICON_NAME = AppIcon;
				ASSETCATALOG_COMPILER_GLOBAL_ACCENT_COLOR_NAME = AccentColor;
				CODE_SIGN_STYLE = Automatic;
				CURRENT_PROJECT_VERSION = 1;
				DEVELOPMENT_TEAM = 63KWA2RPU8;
				ENABLE_PREVIEWS = YES;
				GENERATE_INFOPLIST_FILE = YES;
				INFOPLIST_FILE = "Now-Departing-Watch-Watch-App-Info.plist";
				INFOPLIST_KEY_CFBundleDisplayName = "Now Departing";
				INFOPLIST_KEY_CLKComplicationPrincipalClass = Now_Departing_Watch_Watch_App.ComplicationController;
				INFOPLIST_KEY_NSLocationAlwaysAndWhenInUseUsageDescription = "This app needs location access to show nearby subway stations and train arrival times.";
				INFOPLIST_KEY_NSLocationWhenInUseUsageDescription = "This app needs location access to show nearby subway stations and train arrival times.";
				INFOPLIST_KEY_UISupportedInterfaceOrientations = "UIInterfaceOrientationPortrait UIInterfaceOrientationPortraitUpsideDown";
				INFOPLIST_KEY_WKCompanionAppBundleIdentifier = "com.move38.Now-Departing";
				INFOPLIST_KEY_WKRunsIndependentlyOfCompanionApp = YES;
				LD_RUNPATH_SEARCH_PATHS = (
					"$(inherited)",
					"@executable_path/Frameworks",
				);
				MARKETING_VERSION = 1.5.2;
				PRODUCT_BUNDLE_IDENTIFIER = "com.move38.Now-Departing.watchkitapp";
				PRODUCT_NAME = "$(TARGET_NAME)";
				SDKROOT = watchos;
				SKIP_INSTALL = YES;
				SWIFT_EMIT_LOC_STRINGS = YES;
				SWIFT_VERSION = 5.0;
				TARGETED_DEVICE_FAMILY = 4;
				WATCHOS_DEPLOYMENT_TARGET = 10.6;
			};
			name = Debug;
		};
		2B687C302DF67DBF007741D8 /* Release */ = {
			isa = XCBuildConfiguration;
			buildSettings = {
				ASSETCATALOG_COMPILER_APPICON_NAME = AppIcon;
				ASSETCATALOG_COMPILER_GLOBAL_ACCENT_COLOR_NAME = AccentColor;
				CODE_SIGN_STYLE = Automatic;
				CURRENT_PROJECT_VERSION = 1;
				DEVELOPMENT_TEAM = 63KWA2RPU8;
				ENABLE_PREVIEWS = YES;
				GENERATE_INFOPLIST_FILE = YES;
				INFOPLIST_FILE = "Now-Departing-Watch-Watch-App-Info.plist";
				INFOPLIST_KEY_CFBundleDisplayName = "Now Departing";
				INFOPLIST_KEY_CLKComplicationPrincipalClass = Now_Departing_Watch_Watch_App.ComplicationController;
				INFOPLIST_KEY_NSLocationAlwaysAndWhenInUseUsageDescription = "This app needs location access to show nearby subway stations and train arrival times.";
				INFOPLIST_KEY_NSLocationWhenInUseUsageDescription = "This app needs location access to show nearby subway stations and train arrival times.";
				INFOPLIST_KEY_UISupportedInterfaceOrientations = "UIInterfaceOrientationPortrait UIInterfaceOrientationPortraitUpsideDown";
				INFOPLIST_KEY_WKCompanionAppBundleIdentifier = "com.move38.Now-Departing";
				INFOPLIST_KEY_WKRunsIndependentlyOfCompanionApp = YES;
				LD_RUNPATH_SEARCH_PATHS = (
					"$(inherited)",
					"@executable_path/Frameworks",
				);
				MARKETING_VERSION = 1.5.2;
				PRODUCT_BUNDLE_IDENTIFIER = "com.move38.Now-Departing.watchkitapp";
				PRODUCT_NAME = "$(TARGET_NAME)";
				SDKROOT = watchos;
				SKIP_INSTALL = YES;
				SWIFT_EMIT_LOC_STRINGS = YES;
				SWIFT_VERSION = 5.0;
				TARGETED_DEVICE_FAMILY = 4;
				WATCHOS_DEPLOYMENT_TARGET = 10.6;
			};
			name = Release;
		};
/* End XCBuildConfiguration section */

/* Begin XCConfigurationList section */
		2B22E4312F13641B00000D5A /* Build configuration list for PBXNativeTarget "NowDepartingWidgetExtension" */ = {
			isa = XCConfigurationList;
			buildConfigurations = (
				2B22E4322F13641B00000D5A /* Debug */,
				2B22E4332F13641B00000D5A /* Release */,
			);
			defaultConfigurationIsVisible = 0;
			defaultConfigurationName = Release;
		};
		2B687C0C2DF67CD0007741D8 /* Build configuration list for PBXProject "Now Departing" */ = {
			isa = XCConfigurationList;
			buildConfigurations = (
				2B687C1A2DF67CD1007741D8 /* Debug */,
				2B687C1B2DF67CD1007741D8 /* Release */,
			);
			defaultConfigurationIsVisible = 0;
			defaultConfigurationName = Release;
		};
		2B687C1C2DF67CD1007741D8 /* Build configuration list for PBXNativeTarget "Now Departing" */ = {
			isa = XCConfigurationList;
			buildConfigurations = (
				2B687C1D2DF67CD1007741D8 /* Debug */,
				2B687C1E2DF67CD1007741D8 /* Release */,
			);
			defaultConfigurationIsVisible = 0;
			defaultConfigurationName = Release;
		};
		2B687C2E2DF67DBF007741D8 /* Build configuration list for PBXNativeTarget "Now Departing Watch Watch App" */ = {
			isa = XCConfigurationList;
			buildConfigurations = (
				2B687C2F2DF67DBF007741D8 /* Debug */,
				2B687C302DF67DBF007741D8 /* Release */,
			);
			defaultConfigurationIsVisible = 0;
			defaultConfigurationName = Release;
		};
/* End XCConfigurationList section */
	};
	rootObject = 2B687C092DF67CD0007741D8 /* Project object */;
}
